
Microsoft Visual Studio Solution File, Format Version 12.00
# Visual Studio Version 17
VisualStudioVersion = 17.10.35004.147
MinimumVisualStudioVersion = 10.0.40219.1
Project("{9A19103F-16F7-4668-BE54-9A1E7A4F7556}") = "Aggregator.API", "Aggregator.API\Aggregator.API.csproj", "{E00E3E5A-7501-44C4-8906-E9A667B22972}"
EndProject
Project("{2150E333-8FDC-42A3-9474-1A3956D46DE8}") = "src", "src", "{1F73AA8F-2DFD-41F3-A64D-2BD5C344D822}"
EndProject
Project("{2150E333-8FDC-42A3-9474-1A3956D46DE8}") = "Server", "Server", "{21D409F0-17B6-4544-BE59-BEB251886059}"
EndProject
Project("{9A19103F-16F7-4668-BE54-9A1E7A4F7556}") = "Aggregator.Application", "Aggregator.Application\Aggregator.Application.csproj", "{E29BC2A0-C75E-48F3-88BE-B08F326EE0C3}"
EndProject
Project("{9A19103F-16F7-4668-BE54-9A1E7A4F7556}") = "Aggregator.Domain", "Aggregator.Domain\Aggregator.Domain.csproj", "{E32D4CA3-7B9C-4627-B80A-D00020BE8FD6}"
EndProject
Project("{9A19103F-16F7-4668-BE54-9A1E7A4F7556}") = "Aggregator.Infrastructure", "Aggregator.Infrastructure\Aggregator.Infrastructure.csproj", "{7F582DD2-463A-4002-BBC6-3CFED7AF1FB6}"
EndProject
Project("{9A19103F-16F7-4668-BE54-9A1E7A4F7556}") = "Aggregator.Tests", "Aggregator.Tests\Aggregator.Tests.csproj", "{137AC9D2-3443-4534-9AFA-F80DA5227E1D}"
EndProject
Project("{9A19103F-16F7-4668-BE54-9A1E7A4F7556}") = "Aggregator.InfrastructureInterfaces", "Aggregator.InfrastructureInterfaces\Aggregator.InfrastructureInterfaces.csproj", "{8649440E-5C0A-4AB7-9A90-71902C1BB76D}"
EndProject
Global
	GlobalSection(SolutionConfigurationPlatforms) = preSolution
		Debug|Any CPU = Debug|Any CPU
		Release|Any CPU = Release|Any CPU
	EndGlobalSection
	GlobalSection(ProjectConfigurationPlatforms) = postSolution
		{E00E3E5A-7501-44C4-8906-E9A667B22972}.Debug|Any CPU.ActiveCfg = Debug|Any CPU
		{E00E3E5A-7501-44C4-8906-E9A667B22972}.Debug|Any CPU.Build.0 = Debug|Any CPU
		{E00E3E5A-7501-44C4-8906-E9A667B22972}.Release|Any CPU.ActiveCfg = Release|Any CPU
		{E00E3E5A-7501-44C4-8906-E9A667B22972}.Release|Any CPU.Build.0 = Release|Any CPU
		{E29BC2A0-C75E-48F3-88BE-B08F326EE0C3}.Debug|Any CPU.ActiveCfg = Debug|Any CPU
		{E29BC2A0-C75E-48F3-88BE-B08F326EE0C3}.Debug|Any CPU.Build.0 = Debug|Any CPU
		{E29BC2A0-C75E-48F3-88BE-B08F326EE0C3}.Release|Any CPU.ActiveCfg = Release|Any CPU
		{E29BC2A0-C75E-48F3-88BE-B08F326EE0C3}.Release|Any CPU.Build.0 = Release|Any CPU
		{E32D4CA3-7B9C-4627-B80A-D00020BE8FD6}.Debug|Any CPU.ActiveCfg = Debug|Any CPU
		{E32D4CA3-7B9C-4627-B80A-D00020BE8FD6}.Debug|Any CPU.Build.0 = Debug|Any CPU
		{E32D4CA3-7B9C-4627-B80A-D00020BE8FD6}.Release|Any CPU.ActiveCfg = Release|Any CPU
		{E32D4CA3-7B9C-4627-B80A-D00020BE8FD6}.Release|Any CPU.Build.0 = Release|Any CPU
		{7F582DD2-463A-4002-BBC6-3CFED7AF1FB6}.Debug|Any CPU.ActiveCfg = Debug|Any CPU
		{7F582DD2-463A-4002-BBC6-3CFED7AF1FB6}.Debug|Any CPU.Build.0 = Debug|Any CPU
		{7F582DD2-463A-4002-BBC6-3CFED7AF1FB6}.Release|Any CPU.ActiveCfg = Release|Any CPU
		{7F582DD2-463A-4002-BBC6-3CFED7AF1FB6}.Release|Any CPU.Build.0 = Release|Any CPU
		{137AC9D2-3443-4534-9AFA-F80DA5227E1D}.Debug|Any CPU.ActiveCfg = Debug|Any CPU
		{137AC9D2-3443-4534-9AFA-F80DA5227E1D}.Debug|Any CPU.Build.0 = Debug|Any CPU
		{137AC9D2-3443-4534-9AFA-F80DA5227E1D}.Release|Any CPU.ActiveCfg = Release|Any CPU
		{137AC9D2-3443-4534-9AFA-F80DA5227E1D}.Release|Any CPU.Build.0 = Release|Any CPU
		{8649440E-5C0A-4AB7-9A90-71902C1BB76D}.Debug|Any CPU.ActiveCfg = Debug|Any CPU
		{8649440E-5C0A-4AB7-9A90-71902C1BB76D}.Debug|Any CPU.Build.0 = Debug|Any CPU
		{8649440E-5C0A-4AB7-9A90-71902C1BB76D}.Release|Any CPU.ActiveCfg = Release|Any CPU
		{8649440E-5C0A-4AB7-9A90-71902C1BB76D}.Release|Any CPU.Build.0 = Release|Any CPU
	EndGlobalSection
	GlobalSection(SolutionProperties) = preSolution
		HideSolutionNode = FALSE
	EndGlobalSection
	GlobalSection(NestedProjects) = preSolution
		{E00E3E5A-7501-44C4-8906-E9A667B22972} = {21D409F0-17B6-4544-BE59-BEB251886059}
		{21D409F0-17B6-4544-BE59-BEB251886059} = {1F73AA8F-2DFD-41F3-A64D-2BD5C344D822}
		{E29BC2A0-C75E-48F3-88BE-B08F326EE0C3} = {21D409F0-17B6-4544-BE59-BEB251886059}
		{E32D4CA3-7B9C-4627-B80A-D00020BE8FD6} = {21D409F0-17B6-4544-BE59-BEB251886059}
		{7F582DD2-463A-4002-BBC6-3CFED7AF1FB6} = {21D409F0-17B6-4544-BE59-BEB251886059}
		{137AC9D2-3443-4534-9AFA-F80DA5227E1D} = {21D409F0-17B6-4544-BE59-BEB251886059}
		{8649440E-5C0A-4AB7-9A90-71902C1BB76D} = {21D409F0-17B6-4544-BE59-BEB251886059}
	EndGlobalSection
	GlobalSection(ExtensibilityGlobals) = postSolution
		SolutionGuid = {833BFD42-DA60-45FD-B7D9-4C3E619CF5C2}
	EndGlobalSection
EndGlobal
